Microsoft Visual Studio Solution File, Format Version 12.00
# Visual Studio Version 17
VisualStudioVersion = 17.5.2.0
MinimumVisualStudioVersion = 10.0.40219.1
Project("{FAE04EC0-301F-11D3-BF4B-00C04F79EFBC}") = "Kutuphane_Otomasyonu", "Kutuphane_Otomasyonu\Kutuphane_Otomasyonu.csproj", "{40013768-6EB2-8208-C643-75810915BC19}"
EndProject
Global
	GlobalSection(SolutionConfigurationPlatforms) = preSolution
		Debug|Any CPU = Debug|Any CPU
		Release|Any CPU = Release|Any CPU
	EndGlobalSection
	GlobalSection(ProjectConfigurationPlatforms) = postSolution
		{40013768-6EB2-8208-C643-75810915BC19}.Debug|Any CPU.ActiveCfg = Debug|Any CPU
		{40013768-6EB2-8208-C643-75810915BC19}.Debug|Any CPU.Build.0 = Debug|Any CPU
		{40013768-6EB2-8208-C643-75810915BC19}.Release|Any CPU.ActiveCfg = Release|Any CPU
		{40013768-6EB2-8208-C643-75810915BC19}.Release|Any CPU.Build.0 = Release|Any CPU
	EndGlobalSection
	GlobalSection(SolutionProperties) = preSolution
		HideSolutionNode = FALSE
	EndGlobalSection
	GlobalSection(ExtensibilityGlobals) = postSolution
		SolutionGuid = {E8FF1AEF-1112-4CFE-8280-1CC89BD9916A}
	EndGlobalSection
EndGlobal
